// !$*UTF8*$!
{
	archiveVersion = 1;
	classes = {
	};
	objectVersion = 56;
	objects = {

/* Begin PBXBuildFile section */
		0F6777A729CDF1F600DF7A9D /* FirebaseBootcampApp.swift in Sources */ = {isa = PBXBuildFile; fileRef = 0F6777A629CDF1F600DF7A9D /* FirebaseBootcampApp.swift */; };
		0F6777AB29CDF1F800DF7A9D /* Assets.xcassets in Resources */ = {isa = PBXBuildFile; fileRef = 0F6777AA29CDF1F800DF7A9D /* Assets.xcassets */; };
		0F6777AF29CDF1F800DF7A9D /* Preview Assets.xcassets in Resources */ = {isa = PBXBuildFile; fileRef = 0F6777AE29CDF1F800DF7A9D /* Preview Assets.xcassets */; };
		0F6777B929CDF69300DF7A9D /* FirebaseAnalytics in Frameworks */ = {isa = PBXBuildFile; productRef = 0F6777B829CDF69300DF7A9D /* FirebaseAnalytics */; };
		0F6777BB29CDF69300DF7A9D /* FirebaseAnalyticsSwift in Frameworks */ = {isa = PBXBuildFile; productRef = 0F6777BA29CDF69300DF7A9D /* FirebaseAnalyticsSwift */; };
		0F6777BD29CDF82500DF7A9D /* GoogleService-Info.plist in Resources */ = {isa = PBXBuildFile; fileRef = 0F6777BC29CDF82400DF7A9D /* GoogleService-Info.plist */; };
		0F6777C029CDFA3A00DF7A9D /* FirebaseAuth in Frameworks */ = {isa = PBXBuildFile; productRef = 0F6777BF29CDFA3A00DF7A9D /* FirebaseAuth */; };
		0F6777C329CDFE8500DF7A9D /* AuthenticationView.swift in Sources */ = {isa = PBXBuildFile; fileRef = 0F6777C229CDFE8500DF7A9D /* AuthenticationView.swift */; };
		0F6777C529CDFF5800DF7A9D /* SignUpEmailView.swift in Sources */ = {isa = PBXBuildFile; fileRef = 0F6777C429CDFF5800DF7A9D /* SignUpEmailView.swift */; };
		0F6777C729CE006200DF7A9D /* AuthenticationManager.swift in Sources */ = {isa = PBXBuildFile; fileRef = 0F6777C629CE006200DF7A9D /* AuthenticationManager.swift */; };
		0F6777C929CE024700DF7A9D /* AuthDataResultModel.swift in Sources */ = {isa = PBXBuildFile; fileRef = 0F6777C829CE024700DF7A9D /* AuthDataResultModel.swift */; };
		0F6777CB29CE060100DF7A9D /* RootView.swift in Sources */ = {isa = PBXBuildFile; fileRef = 0F6777CA29CE060100DF7A9D /* RootView.swift */; };
		0F6777CD29CE084B00DF7A9D /* SettingsView.swift in Sources */ = {isa = PBXBuildFile; fileRef = 0F6777CC29CE084B00DF7A9D /* SettingsView.swift */; };
		0F6777D029CE092C00DF7A9D /* SettingsViewModel.swift in Sources */ = {isa = PBXBuildFile; fileRef = 0F6777CF29CE092C00DF7A9D /* SettingsViewModel.swift */; };
		0F6777D329CE09B000DF7A9D /* SignUpEmailViewModel.swift in Sources */ = {isa = PBXBuildFile; fileRef = 0F6777D229CE09B000DF7A9D /* SignUpEmailViewModel.swift */; };
		0F6777D729CE34D200DF7A9D /* Color.swift in Sources */ = {isa = PBXBuildFile; fileRef = 0F6777D629CE34D200DF7A9D /* Color.swift */; };
		0FC7804129CE39650054E851 /* SignInView.swift in Sources */ = {isa = PBXBuildFile; fileRef = 0FC7804029CE39640054E851 /* SignInView.swift */; };
		0FC7804329CE39940054E851 /* SignInViewModel.swift in Sources */ = {isa = PBXBuildFile; fileRef = 0FC7804229CE39940054E851 /* SignInViewModel.swift */; };
/* End PBXBuildFile section */

/* Begin PBXFileReference section */
		0F6777A329CDF1F600DF7A9D /* FirebaseBootcamp.app */ = {isa = PBXFileReference; explicitFileType = wrapper.application; includeInIndex = 0; path = FirebaseBootcamp.app; sourceTree = BUILT_PRODUCTS_DIR; };
		0F6777A629CDF1F600DF7A9D /* FirebaseBootcampApp.swift */ = {isa = PBXFileReference; lastKnownFileType = sourcecode.swift; path = FirebaseBootcampApp.swift; sourceTree = "<group>"; };
		0F6777AA29CDF1F800DF7A9D /* Assets.xcassets */ = {isa = PBXFileReference; lastKnownFileType = folder.assetcatalog; path = Assets.xcassets; sourceTree = "<group>"; };
		0F6777AC29CDF1F800DF7A9D /* FirebaseBootcamp.entitlements */ = {isa = PBXFileReference; lastKnownFileType = text.plist.entitlements; path = FirebaseBootcamp.entitlements; sourceTree = "<group>"; };
		0F6777AE29CDF1F800DF7A9D /* Preview Assets.xcassets */ = {isa = PBXFileReference; lastKnownFileType = folder.assetcatalog; path = "Preview Assets.xcassets"; sourceTree = "<group>"; };
		0F6777BC29CDF82400DF7A9D /* GoogleService-Info.plist */ = {isa = PBXFileReference; fileEncoding = 4; lastKnownFileType = text.plist.xml; path = "GoogleService-Info.plist"; sourceTree = "<group>"; };
		0F6777C229CDFE8500DF7A9D /* AuthenticationView.swift */ = {isa = PBXFileReference; lastKnownFileType = sourcecode.swift; path = AuthenticationView.swift; sourceTree = "<group>"; };
		0F6777C429CDFF5800DF7A9D /* SignUpEmailView.swift */ = {isa = PBXFileReference; lastKnownFileType = sourcecode.swift; path = SignUpEmailView.swift; sourceTree = "<group>"; };
		0F6777C629CE006200DF7A9D /* AuthenticationManager.swift */ = {isa = PBXFileReference; lastKnownFileType = sourcecode.swift; path = AuthenticationManager.swift; sourceTree = "<group>"; };
		0F6777C829CE024700DF7A9D /* AuthDataResultModel.swift */ = {isa = PBXFileReference; lastKnownFileType = sourcecode.swift; path = AuthDataResultModel.swift; sourceTree = "<group>"; };
		0F6777CA29CE060100DF7A9D /* RootView.swift */ = {isa = PBXFileReference; lastKnownFileType = sourcecode.swift; path = RootView.swift; sourceTree = "<group>"; };
		0F6777CC29CE084B00DF7A9D /* SettingsView.swift */ = {isa = PBXFileReference; lastKnownFileType = sourcecode.swift; path = SettingsView.swift; sourceTree = "<group>"; };
		0F6777CF29CE092C00DF7A9D /* SettingsViewModel.swift */ = {isa = PBXFileReference; lastKnownFileType = sourcecode.swift; path = SettingsViewModel.swift; sourceTree = "<group>"; };
		0F6777D229CE09B000DF7A9D /* SignUpEmailViewModel.swift */ = {isa = PBXFileReference; lastKnownFileType = sourcecode.swift; path = SignUpEmailViewModel.swift; sourceTree = "<group>"; };
		0F6777D629CE34D200DF7A9D /* Color.swift */ = {isa = PBXFileReference; lastKnownFileType = sourcecode.swift; path = Color.swift; sourceTree = "<group>"; };
		0FC7804029CE39640054E851 /* SignInView.swift */ = {isa = PBXFileReference; lastKnownFileType = sourcecode.swift; path = SignInView.swift; sourceTree = "<group>"; };
		0FC7804229CE39940054E851 /* SignInViewModel.swift */ = {isa = PBXFileReference; lastKnownFileType = sourcecode.swift; path = SignInViewModel.swift; sourceTree = "<group>"; };
/* End PBXFileReference section */

/* Begin PBXFrameworksBuildPhase section */
		0F6777A029CDF1F600DF7A9D /* Frameworks */ = {
			isa = PBXFrameworksBuildPhase;
			buildActionMask = 2147483647;
			files = (
				0F6777BB29CDF69300DF7A9D /* FirebaseAnalyticsSwift in Frameworks */,
				0F6777C029CDFA3A00DF7A9D /* FirebaseAuth in Frameworks */,
				0F6777B929CDF69300DF7A9D /* FirebaseAnalytics in Frameworks */,
			);
			runOnlyForDeploymentPostprocessing = 0;
		};
/* End PBXFrameworksBuildPhase section */

/* Begin PBXGroup section */
		0F67779A29CDF1F600DF7A9D = {
			isa = PBXGroup;
			children = (
				0F6777A529CDF1F600DF7A9D /* FirebaseBootcamp */,
				0F6777A429CDF1F600DF7A9D /* Products */,
				0F6777BE29CDFA3A00DF7A9D /* Frameworks */,
			);
			sourceTree = "<group>";
		};
		0F6777A429CDF1F600DF7A9D /* Products */ = {
			isa = PBXGroup;
			children = (
				0F6777A329CDF1F600DF7A9D /* FirebaseBootcamp.app */,
			);
			name = Products;
			sourceTree = "<group>";
		};
		0F6777A529CDF1F600DF7A9D /* FirebaseBootcamp */ = {
			isa = PBXGroup;
			children = (
				0F6777D529CE34C400DF7A9D /* Color */,
				0F6777A629CDF1F600DF7A9D /* FirebaseBootcampApp.swift */,
				0F6777D429CE09C800DF7A9D /* Root */,
				0F6777CE29CE091900DF7A9D /* Settings */,
				0F6777C129CDFAB300DF7A9D /* Authentication */,
				0FC7804429CE39990054E851 /* SignInEmail */,
				0F6777D129CE098D00DF7A9D /* SignUpEmailView */,
				0F6777AA29CDF1F800DF7A9D /* Assets.xcassets */,
				0F6777AC29CDF1F800DF7A9D /* FirebaseBootcamp.entitlements */,
				0F6777BC29CDF82400DF7A9D /* GoogleService-Info.plist */,
				0F6777AD29CDF1F800DF7A9D /* Preview Content */,
			);
			path = FirebaseBootcamp;
			sourceTree = "<group>";
		};
		0F6777AD29CDF1F800DF7A9D /* Preview Content */ = {
			isa = PBXGroup;
			children = (
				0F6777AE29CDF1F800DF7A9D /* Preview Assets.xcassets */,
			);
			path = "Preview Content";
			sourceTree = "<group>";
		};
		0F6777BE29CDFA3A00DF7A9D /* Frameworks */ = {
			isa = PBXGroup;
			children = (
			);
			name = Frameworks;
			sourceTree = "<group>";
		};
		0F6777C129CDFAB300DF7A9D /* Authentication */ = {
			isa = PBXGroup;
			children = (
				0F6777C629CE006200DF7A9D /* AuthenticationManager.swift */,
				0F6777C229CDFE8500DF7A9D /* AuthenticationView.swift */,
				0F6777C829CE024700DF7A9D /* AuthDataResultModel.swift */,
			);
			path = Authentication;
			sourceTree = "<group>";
		};
		0F6777CE29CE091900DF7A9D /* Settings */ = {
			isa = PBXGroup;
			children = (
				0F6777CC29CE084B00DF7A9D /* SettingsView.swift */,
				0F6777CF29CE092C00DF7A9D /* SettingsViewModel.swift */,
			);
			path = Settings;
			sourceTree = "<group>";
		};
		0F6777D129CE098D00DF7A9D /* SignUpEmailView */ = {
			isa = PBXGroup;
			children = (
				0F6777C429CDFF5800DF7A9D /* SignUpEmailView.swift */,
				0F6777D229CE09B000DF7A9D /* SignUpEmailViewModel.swift */,
			);
			path = SignUpEmailView;
			sourceTree = "<group>";
		};
		0F6777D429CE09C800DF7A9D /* Root */ = {
			isa = PBXGroup;
			children = (
				0F6777CA29CE060100DF7A9D /* RootView.swift */,
			);
			path = Root;
			sourceTree = "<group>";
		};
		0F6777D529CE34C400DF7A9D /* Color */ = {
			isa = PBXGroup;
			children = (
				0F6777D629CE34D200DF7A9D /* Color.swift */,
			);
			path = Color;
			sourceTree = "<group>";
		};
		0FC7804429CE39990054E851 /* SignInEmail */ = {
			isa = PBXGroup;
			children = (
				0FC7804229CE39940054E851 /* SignInViewModel.swift */,
				0FC7804029CE39640054E851 /* SignInView.swift */,
			);
			path = SignInEmail;
			sourceTree = "<group>";
		};
/* End PBXGroup section */

/* Begin PBXNativeTarget section */
		0F6777A229CDF1F600DF7A9D /* FirebaseBootcamp */ = {
			isa = PBXNativeTarget;
			buildConfigurationList = 0F6777B229CDF1F800DF7A9D /* Build configuration list for PBXNativeTarget "FirebaseBootcamp" */;
			buildPhases = (
				0F67779F29CDF1F600DF7A9D /* Sources */,
				0F6777A029CDF1F600DF7A9D /* Frameworks */,
				0F6777A129CDF1F600DF7A9D /* Resources */,
			);
			buildRules = (
			);
			dependencies = (
			);
			name = FirebaseBootcamp;
			packageProductDependencies = (
				0F6777B829CDF69300DF7A9D /* FirebaseAnalytics */,
				0F6777BA29CDF69300DF7A9D /* FirebaseAnalyticsSwift */,
				0F6777BF29CDFA3A00DF7A9D /* FirebaseAuth */,
			);
			productName = FirebaseBootcamp;
			productReference = 0F6777A329CDF1F600DF7A9D /* FirebaseBootcamp.app */;
			productType = "com.apple.product-type.application";
		};
/* End PBXNativeTarget section */

/* Begin PBXProject section */
		0F67779B29CDF1F600DF7A9D /* Project object */ = {
			isa = PBXProject;
			attributes = {
				BuildIndependentTargetsInParallel = 1;
				LastSwiftUpdateCheck = 1420;
				LastUpgradeCheck = 1420;
				TargetAttributes = {
					0F6777A229CDF1F600DF7A9D = {
						CreatedOnToolsVersion = 14.2;
					};
				};
			};
			buildConfigurationList = 0F67779E29CDF1F600DF7A9D /* Build configuration list for PBXProject "FirebaseBootcamp" */;
			compatibilityVersion = "Xcode 14.0";
			developmentRegion = en;
			hasScannedForEncodings = 0;
			knownRegions = (
				en,
				Base,
			);
			mainGroup = 0F67779A29CDF1F600DF7A9D;
			packageReferences = (
				0F6777B729CDF69300DF7A9D /* XCRemoteSwiftPackageReference "firebase-ios-sdk" */,
			);
			productRefGroup = 0F6777A429CDF1F600DF7A9D /* Products */;
			projectDirPath = "";
			projectRoot = "";
			targets = (
				0F6777A229CDF1F600DF7A9D /* FirebaseBootcamp */,
			);
		};
/* End PBXProject section */

/* Begin PBXResourcesBuildPhase section */
		0F6777A129CDF1F600DF7A9D /* Resources */ = {
			isa = PBXResourcesBuildPhase;
			buildActionMask = 2147483647;
			files = (
				0F6777AF29CDF1F800DF7A9D /* Preview Assets.xcassets in Resources */,
				0F6777AB29CDF1F800DF7A9D /* Assets.xcassets in Resources */,
				0F6777BD29CDF82500DF7A9D /* GoogleService-Info.plist in Resources */,
			);
			runOnlyForDeploymentPostprocessing = 0;
		};
/* End PBXResourcesBuildPhase section */

/* Begin PBXSourcesBuildPhase section */
		0F67779F29CDF1F600DF7A9D /* Sources */ = {
			isa = PBXSourcesBuildPhase;
			buildActionMask = 2147483647;
			files = (
				0F6777C929CE024700DF7A9D /* AuthDataResultModel.swift in Sources */,
				0F6777CD29CE084B00DF7A9D /* SettingsView.swift in Sources */,
				0F6777D729CE34D200DF7A9D /* Color.swift in Sources */,
				0F6777A729CDF1F600DF7A9D /* FirebaseBootcampApp.swift in Sources */,
				0F6777C329CDFE8500DF7A9D /* AuthenticationView.swift in Sources */,
				0F6777CB29CE060100DF7A9D /* RootView.swift in Sources */,
				0F6777C729CE006200DF7A9D /* AuthenticationManager.swift in Sources */,
				0F6777C529CDFF5800DF7A9D /* SignUpEmailView.swift in Sources */,
				0FC7804329CE39940054E851 /* SignInViewModel.swift in Sources */,
				0F6777D029CE092C00DF7A9D /* SettingsViewModel.swift in Sources */,
				0FC7804129CE39650054E851 /* SignInView.swift in Sources */,
				0F6777D329CE09B000DF7A9D /* SignUpEmailViewModel.swift in Sources */,
			);
			runOnlyForDeploymentPostprocessing = 0;
		};
/* End PBXSourcesBuildPhase section */

/* Begin XCBuildConfiguration section */
		0F6777B029CDF1F800DF7A9D /* Debug */ = {
			isa = XCBuildConfiguration;
			buildSettings = {
				ALWAYS_SEARCH_USER_PATHS = NO;
				CLANG_ANALYZER_NONNULL = YES;
				CLANG_ANALYZER_NUMBER_OBJECT_CONVERSION = YES_AGGRESSIVE;
				CLANG_CXX_LANGUAGE_STANDARD = "gnu++20";
				CLANG_ENABLE_MODULES = YES;
				CLANG_ENABLE_OBJC_ARC = YES;
				CLANG_ENABLE_OBJC_WEAK = YES;
				CLANG_WARN_BLOCK_CAPTURE_AUTORELEASING = YES;
				CLANG_WARN_BOOL_CONVERSION = YES;
				CLANG_WARN_COMMA = YES;
				CLANG_WARN_CONSTANT_CONVERSION = YES;
				CLANG_WARN_DEPRECATED_OBJC_IMPLEMENTATIONS = YES;
				CLANG_WARN_DIRECT_OBJC_ISA_USAGE = YES_ERROR;
				CLANG_WARN_DOCUMENTATION_COMMENTS = YES;
				CLANG_WARN_EMPTY_BODY = YES;
				CLANG_WARN_ENUM_CONVERSION = YES;
				CLANG_WARN_INFINITE_RECURSION = YES;
				CLANG_WARN_INT_CONVERSION = YES;
				CLANG_WARN_NON_LITERAL_NULL_CONVERSION = YES;
				CLANG_WARN_OBJC_IMPLICIT_RETAIN_SELF = YES;
				CLANG_WARN_OBJC_LITERAL_CONVERSION = YES;
				CLANG_WARN_OBJC_ROOT_CLASS = YES_ERROR;
				CLANG_WARN_QUOTED_INCLUDE_IN_FRAMEWORK_HEADER = YES;
				CLANG_WARN_RANGE_LOOP_ANALYSIS = YES;
				CLANG_WARN_STRICT_PROTOTYPES = YES;
				CLANG_WARN_SUSPICIOUS_MOVE = YES;
				CLANG_WARN_UNGUARDED_AVAILABILITY = YES_AGGRESSIVE;
				CLANG_WARN_UNREACHABLE_CODE = YES;
				CLANG_WARN__DUPLICATE_METHOD_MATCH = YES;
				COPY_PHASE_STRIP = NO;
				DEBUG_INFORMATION_FORMAT = dwarf;
				ENABLE_STRICT_OBJC_MSGSEND = YES;
				ENABLE_TESTABILITY = YES;
				GCC_C_LANGUAGE_STANDARD = gnu11;
				GCC_DYNAMIC_NO_PIC = NO;
				GCC_NO_COMMON_BLOCKS = YES;
				GCC_OPTIMIZATION_LEVEL = 0;
				GCC_PREPROCESSOR_DEFINITIONS = (
					"DEBUG=1",
					"$(inherited)",
				);
				GCC_WARN_64_TO_32_BIT_CONVERSION = YES;
				GCC_WARN_ABOUT_RETURN_TYPE = YES_ERROR;
				GCC_WARN_UNDECLARED_SELECTOR = YES;
				GCC_WARN_UNINITIALIZED_AUTOS = YES_AGGRESSIVE;
				GCC_WARN_UNUSED_FUNCTION = YES;
				GCC_WARN_UNUSED_VARIABLE = YES;
				MTL_ENABLE_DEBUG_INFO = INCLUDE_SOURCE;
				MTL_FAST_MATH = YES;
				ONLY_ACTIVE_ARCH = YES;
				SWIFT_ACTIVE_COMPILATION_CONDITIONS = DEBUG;
				SWIFT_OPTIMIZATION_LEVEL = "-Onone";
			};
			name = Debug;
		};
		0F6777B129CDF1F800DF7A9D /* Release */ = {
			isa = XCBuildConfiguration;
			buildSettings = {
				ALWAYS_SEARCH_USER_PATHS = NO;
				CLANG_ANALYZER_NONNULL = YES;
				CLANG_ANALYZER_NUMBER_OBJECT_CONVERSION = YES_AGGRESSIVE;
				CLANG_CXX_LANGUAGE_STANDARD = "gnu++20";
				CLANG_ENABLE_MODULES = YES;
				CLANG_ENABLE_OBJC_ARC = YES;
				CLANG_ENABLE_OBJC_WEAK = YES;
				CLANG_WARN_BLOCK_CAPTURE_AUTORELEASING = YES;
				CLANG_WARN_BOOL_CONVERSION = YES;
				CLANG_WARN_COMMA = YES;
				CLANG_WARN_CONSTANT_CONVERSION = YES;
				CLANG_WARN_DEPRECATED_OBJC_IMPLEMENTATIONS = YES;
				CLANG_WARN_DIRECT_OBJC_ISA_USAGE = YES_ERROR;
				CLANG_WARN_DOCUMENTATION_COMMENTS = YES;
				CLANG_WARN_EMPTY_BODY = YES;
				CLANG_WARN_ENUM_CONVERSION = YES;
				CLANG_WARN_INFINITE_RECURSION = YES;
				CLANG_WARN_INT_CONVERSION = YES;
				CLANG_WARN_NON_LITERAL_NULL_CONVERSION = YES;
				CLANG_WARN_OBJC_IMPLICIT_RETAIN_SELF = YES;
				CLANG_WARN_OBJC_LITERAL_CONVERSION = YES;
				CLANG_WARN_OBJC_ROOT_CLASS = YES_ERROR;
				CLANG_WARN_QUOTED_INCLUDE_IN_FRAMEWORK_HEADER = YES;
				CLANG_WARN_RANGE_LOOP_ANALYSIS = YES;
				CLANG_WARN_STRICT_PROTOTYPES = YES;
				CLANG_WARN_SUSPICIOUS_MOVE = YES;
				CLANG_WARN_UNGUARDED_AVAILABILITY = YES_AGGRESSIVE;
				CLANG_WARN_UNREACHABLE_CODE = YES;
				CLANG_WARN__DUPLICATE_METHOD_MATCH = YES;
				COPY_PHASE_STRIP = NO;
				DEBUG_INFORMATION_FORMAT = "dwarf-with-dsym";
				ENABLE_NS_ASSERTIONS = NO;
				ENABLE_STRICT_OBJC_MSGSEND = YES;
				GCC_C_LANGUAGE_STANDARD = gnu11;
				GCC_NO_COMMON_BLOCKS = YES;
				GCC_WARN_64_TO_32_BIT_CONVERSION = YES;
				GCC_WARN_ABOUT_RETURN_TYPE = YES_ERROR;
				GCC_WARN_UNDECLARED_SELECTOR = YES;
				GCC_WARN_UNINITIALIZED_AUTOS = YES_AGGRESSIVE;
				GCC_WARN_UNUSED_FUNCTION = YES;
				GCC_WARN_UNUSED_VARIABLE = YES;
				MTL_ENABLE_DEBUG_INFO = NO;
				MTL_FAST_MATH = YES;
				SWIFT_COMPILATION_MODE = wholemodule;
				SWIFT_OPTIMIZATION_LEVEL = "-O";
			};
			name = Release;
		};
		0F6777B329CDF1F800DF7A9D /* Debug */ = {
			isa = XCBuildConfiguration;
			buildSettings = {
				ASSETCATALOG_COMPILER_APPICON_NAME = AppIcon;
				ASSETCATALOG_COMPILER_GLOBAL_ACCENT_COLOR_NAME = AccentColor;
				CODE_SIGN_ENTITLEMENTS = FirebaseBootcamp/FirebaseBootcamp.entitlements;
				CODE_SIGN_STYLE = Automatic;
				CURRENT_PROJECT_VERSION = 1;
				DEVELOPMENT_ASSET_PATHS = "\"FirebaseBootcamp/Preview Content\"";
				DEVELOPMENT_TEAM = WX6Q94XHF5;
				ENABLE_HARDENED_RUNTIME = YES;
				ENABLE_PREVIEWS = YES;
				GENERATE_INFOPLIST_FILE = YES;
				"INFOPLIST_KEY_UIApplicationSceneManifest_Generation[sdk=iphoneos*]" = YES;
				"INFOPLIST_KEY_UIApplicationSceneManifest_Generation[sdk=iphonesimulator*]" = YES;
				"INFOPLIST_KEY_UIApplicationSupportsIndirectInputEvents[sdk=iphoneos*]" = YES;
				"INFOPLIST_KEY_UIApplicationSupportsIndirectInputEvents[sdk=iphonesimulator*]" = YES;
				"INFOPLIST_KEY_UILaunchScreen_Generation[sdk=iphoneos*]" = YES;
				"INFOPLIST_KEY_UILaunchScreen_Generation[sdk=iphonesimulator*]" = YES;
				"INFOPLIST_KEY_UIStatusBarStyle[sdk=iphoneos*]" = UIStatusBarStyleDefault;
				"INFOPLIST_KEY_UIStatusBarStyle[sdk=iphonesimulator*]" = UIStatusBarStyleDefault;
				INFOPLIST_KEY_UISupportedInterfaceOrientations_iPad = "UIInterfaceOrientationPortrait UIInterfaceOrientationPortraitUpsideDown UIInterfaceOrientationLandscapeLeft UIInterfaceOrientationLandscapeRight";
				INFOPLIST_KEY_UISupportedInterfaceOrientations_iPhone = "UIInterfaceOrientationPortrait UIInterfaceOrientationLandscapeLeft UIInterfaceOrientationLandscapeRight";
				IPHONEOS_DEPLOYMENT_TARGET = 16.2;
				LD_RUNPATH_SEARCH_PATHS = "@executable_path/Frameworks";
				"LD_RUNPATH_SEARCH_PATHS[sdk=macosx*]" = "@executable_path/../Frameworks";
				MACOSX_DEPLOYMENT_TARGET = 13.1;
				MARKETING_VERSION = 1.0;
				PRODUCT_BUNDLE_IDENTIFIER = com.jeancesca.FirebaseBootcamp;
				PRODUCT_NAME = "$(TARGET_NAME)";
				SDKROOT = auto;
				SUPPORTED_PLATFORMS = "iphoneos iphonesimulator macosx";
				SWIFT_EMIT_LOC_STRINGS = YES;
				SWIFT_VERSION = 5.0;
				TARGETED_DEVICE_FAMILY = "1,2";
			};
			name = Debug;
		};
		0F6777B429CDF1F800DF7A9D /* Release */ = {
			isa = XCBuildConfiguration;
			buildSettings = {
				ASSETCATALOG_COMPILER_APPICON_NAME = AppIcon;
				ASSETCATALOG_COMPILER_GLOBAL_ACCENT_COLOR_NAME = AccentColor;
				CODE_SIGN_ENTITLEMENTS = FirebaseBootcamp/FirebaseBootcamp.entitlements;
				CODE_SIGN_STYLE = Automatic;
				CURRENT_PROJECT_VERSION = 1;
				DEVELOPMENT_ASSET_PATHS = "\"FirebaseBootcamp/Preview Content\"";
				DEVELOPMENT_TEAM = WX6Q94XHF5;
				ENABLE_HARDENED_RUNTIME = YES;
				ENABLE_PREVIEWS = YES;
				GENERATE_INFOPLIST_FILE = YES;
				"INFOPLIST_KEY_UIApplicationSceneManifest_Generation[sdk=iphoneos*]" = YES;
				"INFOPLIST_KEY_UIApplicationSceneManifest_Generation[sdk=iphonesimulator*]" = YES;
				"INFOPLIST_KEY_UIApplicationSupportsIndirectInputEvents[sdk=iphoneos*]" = YES;
				"INFOPLIST_KEY_UIApplicationSupportsIndirectInputEvents[sdk=iphonesimulator*]" = YES;
				"INFOPLIST_KEY_UILaunchScreen_Generation[sdk=iphoneos*]" = YES;
				"INFOPLIST_KEY_UILaunchScreen_Generation[sdk=iphonesimulator*]" = YES;
				"INFOPLIST_KEY_UIStatusBarStyle[sdk=iphoneos*]" = UIStatusBarStyleDefault;
				"INFOPLIST_KEY_UIStatusBarStyle[sdk=iphonesimulator*]" = UIStatusBarStyleDefault;
				INFOPLIST_KEY_UISupportedInterfaceOrientations_iPad = "UIInterfaceOrientationPortrait UIInterfaceOrientationPortraitUpsideDown UIInterfaceOrientationLandscapeLeft UIInterfaceOrientationLandscapeRight";
				INFOPLIST_KEY_UISupportedInterfaceOrientations_iPhone = "UIInterfaceOrientationPortrait UIInterfaceOrientationLandscapeLeft UIInterfaceOrientationLandscapeRight";
				IPHONEOS_DEPLOYMENT_TARGET = 16.2;
				LD_RUNPATH_SEARCH_PATHS = "@executable_path/Frameworks";
				"LD_RUNPATH_SEARCH_PATHS[sdk=macosx*]" = "@executable_path/../Frameworks";
				MACOSX_DEPLOYMENT_TARGET = 13.1;
				MARKETING_VERSION = 1.0;
				PRODUCT_BUNDLE_IDENTIFIER = com.jeancesca.FirebaseBootcamp;
				PRODUCT_NAME = "$(TARGET_NAME)";
				SDKROOT = auto;
				SUPPORTED_PLATFORMS = "iphoneos iphonesimulator macosx";
				SWIFT_EMIT_LOC_STRINGS = YES;
				SWIFT_VERSION = 5.0;
				TARGETED_DEVICE_FAMILY = "1,2";
			};
			name = Release;
		};
/* End XCBuildConfiguration section */

/* Begin XCConfigurationList section */
		0F67779E29CDF1F600DF7A9D /* Build configuration list for PBXProject "FirebaseBootcamp" */ = {
			isa = XCConfigurationList;
			buildConfigurations = (
				0F6777B029CDF1F800DF7A9D /* Debug */,
				0F6777B129CDF1F800DF7A9D /* Release */,
			);
			defaultConfigurationIsVisible = 0;
			defaultConfigurationName = Release;
		};
		0F6777B229CDF1F800DF7A9D /* Build configuration list for PBXNativeTarget "FirebaseBootcamp" */ = {
			isa = XCConfigurationList;
			buildConfigurations = (
				0F6777B329CDF1F800DF7A9D /* Debug */,
				0F6777B429CDF1F800DF7A9D /* Release */,
			);
			defaultConfigurationIsVisible = 0;
			defaultConfigurationName = Release;
		};
/* End XCConfigurationList section */

/* Begin XCRemoteSwiftPackageReference section */
		0F6777B729CDF69300DF7A9D /* XCRemoteSwiftPackageReference "firebase-ios-sdk" */ = {
			isa = XCRemoteSwiftPackageReference;
			repositoryURL = "https://github.com/firebase/firebase-ios-sdk";
			requirement = {
				kind = exactVersion;
				version = 10.4.0;
			};
		};
/* End XCRemoteSwiftPackageReference section */

/* Begin XCSwiftPackageProductDependency section */
		0F6777B829CDF69300DF7A9D /* FirebaseAnalytics */ = {
			isa = XCSwiftPackageProductDependency;
			package = 0F6777B729CDF69300DF7A9D /* XCRemoteSwiftPackageReference "firebase-ios-sdk" */;
			productName = FirebaseAnalytics;
		};
		0F6777BA29CDF69300DF7A9D /* FirebaseAnalyticsSwift */ = {
			isa = XCSwiftPackageProductDependency;
			package = 0F6777B729CDF69300DF7A9D /* XCRemoteSwiftPackageReference "firebase-ios-sdk" */;
			productName = FirebaseAnalyticsSwift;
		};
		0F6777BF29CDFA3A00DF7A9D /* FirebaseAuth */ = {
			isa = XCSwiftPackageProductDependency;
			package = 0F6777B729CDF69300DF7A9D /* XCRemoteSwiftPackageReference "firebase-ios-sdk" */;
			productName = FirebaseAuth;
		};
/* End XCSwiftPackageProductDependency section */
	};
	rootObject = 0F67779B29CDF1F600DF7A9D /* Project object */;
}
